
Microsoft Visual Studio Solution File, Format Version 11.00
# Visual Studio 2010
Project("{FAE04EC0-301F-11D3-BF4B-00C04F79EFBC}") = "Examples", "Examples.csproj", "{4bb5caba-0c72-e936-c2ea-1981fe177f6c}"
EndProject
Project("{FAE04EC0-301F-11D3-BF4B-00C04F79EFBC}") = "Assembly-CSharp", "Assembly-CSharp.csproj", "{6c9faa7f-783b-5fa9-8793-5469a433ed04}"
EndProject
Project("{FAE04EC0-301F-11D3-BF4B-00C04F79EFBC}") = "ILRuntime", "ILRuntime.csproj", "{50acec71-3867-f53d-6589-6bcb8cf029e4}"
EndProject
Project("{FAE04EC0-301F-11D3-BF4B-00C04F79EFBC}") = "Hotfix", "Hotfix.csproj", "{4bd18d58-8a28-4bbd-15d3-23bf6ad6c6b1}"
EndProject
Project("{FAE04EC0-301F-11D3-BF4B-00C04F79EFBC}") = "LitJson", "LitJson.csproj", "{c26de129-d694-6f5e-1295-784057ab3202}"
EndProject
Project("{FAE04EC0-301F-11D3-BF4B-00C04F79EFBC}") = "Assembly-CSharp-Editor", "Assembly-CSharp-Editor.csproj", "{0f00857c-781e-6c3b-aa61-07a37cea8c43}"
EndProject
Project("{FAE04EC0-301F-11D3-BF4B-00C04F79EFBC}") = "Examples.Tests", "Examples.Tests.csproj", "{bafb9731-0b49-21fa-1f50-e1d845215b46}"
EndProject
Global
	GlobalSection(SolutionConfigurationPlatforms) = preSolution
		Debug|Any CPU = Debug|Any CPU
	EndGlobalSection
	GlobalSection(ProjectConfigurationPlatforms) = postSolution
		{4bb5caba-0c72-e936-c2ea-1981fe177f6c}.Debug|Any CPU.ActiveCfg = Debug|Any CPU
		{4bb5caba-0c72-e936-c2ea-1981fe177f6c}.Debug|Any CPU.Build.0 = Debug|Any CPU
		{6c9faa7f-783b-5fa9-8793-5469a433ed04}.Debug|Any CPU.ActiveCfg = Debug|Any CPU
		{6c9faa7f-783b-5fa9-8793-5469a433ed04}.Debug|Any CPU.Build.0 = Debug|Any CPU
		{50acec71-3867-f53d-6589-6bcb8cf029e4}.Debug|Any CPU.ActiveCfg = Debug|Any CPU
		{50acec71-3867-f53d-6589-6bcb8cf029e4}.Debug|Any CPU.Build.0 = Debug|Any CPU
		{4bd18d58-8a28-4bbd-15d3-23bf6ad6c6b1}.Debug|Any CPU.ActiveCfg = Debug|Any CPU
		{4bd18d58-8a28-4bbd-15d3-23bf6ad6c6b1}.Debug|Any CPU.Build.0 = Debug|Any CPU
		{c26de129-d694-6f5e-1295-784057ab3202}.Debug|Any CPU.ActiveCfg = Debug|Any CPU
		{c26de129-d694-6f5e-1295-784057ab3202}.Debug|Any CPU.Build.0 = Debug|Any CPU
		{0f00857c-781e-6c3b-aa61-07a37cea8c43}.Debug|Any CPU.ActiveCfg = Debug|Any CPU
		{0f00857c-781e-6c3b-aa61-07a37cea8c43}.Debug|Any CPU.Build.0 = Debug|Any CPU
		{bafb9731-0b49-21fa-1f50-e1d845215b46}.Debug|Any CPU.ActiveCfg = Debug|Any CPU
		{bafb9731-0b49-21fa-1f50-e1d845215b46}.Debug|Any CPU.Build.0 = Debug|Any CPU
	EndGlobalSection
	GlobalSection(SolutionProperties) = preSolution
		HideSolutionNode = FALSE
	EndGlobalSection
EndGlobal
